
Microsoft Visual Studio Solution File, Format Version 12.00
# Visual Studio Version 17
VisualStudioVersion = 17.2.32526.322
MinimumVisualStudioVersion = 10.0.40219.1
Project("{FAE04EC0-301F-11D3-BF4B-00C04F79EFBC}") = "ExamenPOO_OO", "ExamenPOO_OO\ExamenPOO_OO.csproj", "{1A3DA2C2-D24C-48E4-829B-7B07C1A33B8D}"
EndProject
Global
	GlobalSection(SolutionConfigurationPlatforms) = preSolution
		Debug|Any CPU = Debug|Any CPU
		Release|Any CPU = Release|Any CPU
	EndGlobalSection
	GlobalSection(ProjectConfigurationPlatforms) = postSolution
		{1A3DA2C2-D24C-48E4-829B-7B07C1A33B8D}.Debug|Any CPU.ActiveCfg = Debug|Any CPU
		{1A3DA2C2-D24C-48E4-829B-7B07C1A33B8D}.Debug|Any CPU.Build.0 = Debug|Any CPU
		{1A3DA2C2-D24C-48E4-829B-7B07C1A33B8D}.Release|Any CPU.ActiveCfg = Release|Any CPU
		{1A3DA2C2-D24C-48E4-829B-7B07C1A33B8D}.Release|Any CPU.Build.0 = Release|Any CPU
	EndGlobalSection
	GlobalSection(SolutionProperties) = preSolution
		HideSolutionNode = FALSE
	EndGlobalSection
	GlobalSection(ExtensibilityGlobals) = postSolution
		SolutionGuid = {014D0603-5137-4225-8413-D206DC744746}
	EndGlobalSection
EndGlobal
